
Microsoft Visual Studio Solution File, Format Version 12.00
# Visual Studio Version 17
VisualStudioVersion = 17.13.35825.156 d17.13
MinimumVisualStudioVersion = 10.0.40219.1
Project("{FAE04EC0-301F-11D3-BF4B-00C04F79EFBC}") = "Profesor", "Profesor\Profesor.csproj", "{7253C0FE-B363-4239-8C48-536B46A9E87F}"
EndProject
Global
	GlobalSection(SolutionConfigurationPlatforms) = preSolution
		Debug|Any CPU = Debug|Any CPU
		Release|Any CPU = Release|Any CPU
	EndGlobalSection
	GlobalSection(ProjectConfigurationPlatforms) = postSolution
		{7253C0FE-B363-4239-8C48-536B46A9E87F}.Debug|Any CPU.ActiveCfg = Debug|Any CPU
		{7253C0FE-B363-4239-8C48-536B46A9E87F}.Debug|Any CPU.Build.0 = Debug|Any CPU
		{7253C0FE-B363-4239-8C48-536B46A9E87F}.Release|Any CPU.ActiveCfg = Release|Any CPU
		{7253C0FE-B363-4239-8C48-536B46A9E87F}.Release|Any CPU.Build.0 = Release|Any CPU
	EndGlobalSection
	GlobalSection(SolutionProperties) = preSolution
		HideSolutionNode = FALSE
	EndGlobalSection
	GlobalSection(ExtensibilityGlobals) = postSolution
		SolutionGuid = {65FC2671-B646-4B7D-8B40-EA11405A3468}
	EndGlobalSection
EndGlobal
